
Microsoft Visual Studio Solution File, Format Version 12.00
# Visual Studio Version 17
VisualStudioVersion = 17.14.35821.62 d17.14
MinimumVisualStudioVersion = 10.0.40219.1
Project("{FAE04EC0-301F-11D3-BF4B-00C04F79EFBC}") = "WebTech", "WebTech\WebTech.csproj", "{BF039F49-17D6-4AA4-B7DA-DFFCA5832874}"
EndProject
Global
	GlobalSection(SolutionConfigurationPlatforms) = preSolution
		Debug|Any CPU = Debug|Any CPU
		Release|Any CPU = Release|Any CPU
	EndGlobalSection
	GlobalSection(ProjectConfigurationPlatforms) = postSolution
		{BF039F49-17D6-4AA4-B7DA-DFFCA5832874}.Debug|Any CPU.ActiveCfg = Debug|Any CPU
		{BF039F49-17D6-4AA4-B7DA-DFFCA5832874}.Debug|Any CPU.Build.0 = Debug|Any CPU
		{BF039F49-17D6-4AA4-B7DA-DFFCA5832874}.Release|Any CPU.ActiveCfg = Release|Any CPU
		{BF039F49-17D6-4AA4-B7DA-DFFCA5832874}.Release|Any CPU.Build.0 = Release|Any CPU
	EndGlobalSection
	GlobalSection(SolutionProperties) = preSolution
		HideSolutionNode = FALSE
	EndGlobalSection
	GlobalSection(ExtensibilityGlobals) = postSolution
		SolutionGuid = {A33A4254-DA80-4F2D-9FE1-19B4D414EBA1}
	EndGlobalSection
EndGlobal
